
Microsoft Visual Studio Solution File, Format Version 11.00
# Visual Studio 2010
Project("{FAE04EC0-301F-11D3-BF4B-00C04F79EFBC}") = "Quartz.FeaturePack.Services", "Quartz.FeaturePack.Services\Quartz.FeaturePack.Services.csproj", "{F59F61F2-9CC9-46D9-BF85-95F16BE267D0}"
EndProject
Project("{FAE04EC0-301F-11D3-BF4B-00C04F79EFBC}") = "Quartz.FeaturePack.Plugins", "Quartz.FeaturePack.Plugins\Quartz.FeaturePack.Plugins.csproj", "{1CAF8B5C-074C-4A6D-8031-379C94B879F9}"
EndProject
Project("{FAE04EC0-301F-11D3-BF4B-00C04F79EFBC}") = "Quartz.FeaturePack.Listeners", "Quartz.FeaturePack.Listeners\Quartz.FeaturePack.Listeners.csproj", "{9F447F41-A9CB-4A9D-835B-0BA18F2341BD}"
EndProject
Project("{FAE04EC0-301F-11D3-BF4B-00C04F79EFBC}") = "Quartz.FeaturePack.CLI", "Quartz.FeaturePack.CLI\Quartz.FeaturePack.CLI.csproj", "{7448057F-AE94-4493-B438-2083EFFB6EC2}"
EndProject
Project("{FAE04EC0-301F-11D3-BF4B-00C04F79EFBC}") = "Quartz.FeaturePack.Triggers", "Quartz.FeaturePack.Triggers\Quartz.FeaturePack.Triggers.csproj", "{5053A11A-65BD-4B3B-9130-38E42CC998BC}"
EndProject
Project("{FAE04EC0-301F-11D3-BF4B-00C04F79EFBC}") = "Quartz.FeaturePack.Jobs", "Quartz.FeaturePack.Jobs\Quartz.FeaturePack.Jobs.csproj", "{995CD080-0A5E-47C7-8BFC-F1B65BDE0A32}"
EndProject
Project("{FAE04EC0-301F-11D3-BF4B-00C04F79EFBC}") = "Quartz.FeaturePack.Server", "Quartz.FeaturePack.Server\Quartz.FeaturePack.Server.csproj", "{FB98DC47-3002-4D22-A624-2EE2B181D59C}"
EndProject
Project("{FAE04EC0-301F-11D3-BF4B-00C04F79EFBC}") = "Quartz.FeaturePack.WindowsService", "Quartz.FeaturePack.WindowsService\Quartz.FeaturePack.WindowsService.csproj", "{D5507E12-1520-41CC-B549-DBDAA87B9A7F}"
EndProject
Project("{FAE04EC0-301F-11D3-BF4B-00C04F79EFBC}") = "Quartz.FeaturePack.JobFactories", "Quartz.FeaturePack.JobFactories\Quartz.FeaturePack.JobFactories.csproj", "{7E688816-CF12-4459-8508-4773333A3821}"
EndProject
Project("{FAE04EC0-301F-11D3-BF4B-00C04F79EFBC}") = "Quartz.FeaturePack.Plugins.Tests", "Quartz.FeaturePack.Plugins.Tests\Quartz.FeaturePack.Plugins.Tests.csproj", "{65619E50-D5D4-4DBF-B96D-FDFD589EBF2E}"
EndProject
Global
	GlobalSection(SolutionConfigurationPlatforms) = preSolution
		Debug|Any CPU = Debug|Any CPU
		Debug|Mixed Platforms = Debug|Mixed Platforms
		Debug|x86 = Debug|x86
		Release|Any CPU = Release|Any CPU
		Release|Mixed Platforms = Release|Mixed Platforms
		Release|x86 = Release|x86
	EndGlobalSection
	GlobalSection(ProjectConfigurationPlatforms) = postSolution
		{F59F61F2-9CC9-46D9-BF85-95F16BE267D0}.Debug|Any CPU.ActiveCfg = Debug|Any CPU
		{F59F61F2-9CC9-46D9-BF85-95F16BE267D0}.Debug|Any CPU.Build.0 = Debug|Any CPU
		{F59F61F2-9CC9-46D9-BF85-95F16BE267D0}.Debug|Mixed Platforms.ActiveCfg = Debug|Any CPU
		{F59F61F2-9CC9-46D9-BF85-95F16BE267D0}.Debug|Mixed Platforms.Build.0 = Debug|Any CPU
		{F59F61F2-9CC9-46D9-BF85-95F16BE267D0}.Debug|x86.ActiveCfg = Debug|Any CPU
		{F59F61F2-9CC9-46D9-BF85-95F16BE267D0}.Release|Any CPU.ActiveCfg = Release|Any CPU
		{F59F61F2-9CC9-46D9-BF85-95F16BE267D0}.Release|Any CPU.Build.0 = Release|Any CPU
		{F59F61F2-9CC9-46D9-BF85-95F16BE267D0}.Release|Mixed Platforms.ActiveCfg = Release|Any CPU
		{F59F61F2-9CC9-46D9-BF85-95F16BE267D0}.Release|Mixed Platforms.Build.0 = Release|Any CPU
		{F59F61F2-9CC9-46D9-BF85-95F16BE267D0}.Release|x86.ActiveCfg = Release|Any CPU
		{1CAF8B5C-074C-4A6D-8031-379C94B879F9}.Debug|Any CPU.ActiveCfg = Debug|Any CPU
		{1CAF8B5C-074C-4A6D-8031-379C94B879F9}.Debug|Any CPU.Build.0 = Debug|Any CPU
		{1CAF8B5C-074C-4A6D-8031-379C94B879F9}.Debug|Mixed Platforms.ActiveCfg = Debug|Any CPU
		{1CAF8B5C-074C-4A6D-8031-379C94B879F9}.Debug|Mixed Platforms.Build.0 = Debug|Any CPU
		{1CAF8B5C-074C-4A6D-8031-379C94B879F9}.Debug|x86.ActiveCfg = Debug|Any CPU
		{1CAF8B5C-074C-4A6D-8031-379C94B879F9}.Release|Any CPU.ActiveCfg = Release|Any CPU
		{1CAF8B5C-074C-4A6D-8031-379C94B879F9}.Release|Any CPU.Build.0 = Release|Any CPU
		{1CAF8B5C-074C-4A6D-8031-379C94B879F9}.Release|Mixed Platforms.ActiveCfg = Release|Any CPU
		{1CAF8B5C-074C-4A6D-8031-379C94B879F9}.Release|Mixed Platforms.Build.0 = Release|Any CPU
		{1CAF8B5C-074C-4A6D-8031-379C94B879F9}.Release|x86.ActiveCfg = Release|Any CPU
		{9F447F41-A9CB-4A9D-835B-0BA18F2341BD}.Debug|Any CPU.ActiveCfg = Debug|Any CPU
		{9F447F41-A9CB-4A9D-835B-0BA18F2341BD}.Debug|Any CPU.Build.0 = Debug|Any CPU
		{9F447F41-A9CB-4A9D-835B-0BA18F2341BD}.Debug|Mixed Platforms.ActiveCfg = Debug|Any CPU
		{9F447F41-A9CB-4A9D-835B-0BA18F2341BD}.Debug|Mixed Platforms.Build.0 = Debug|Any CPU
		{9F447F41-A9CB-4A9D-835B-0BA18F2341BD}.Debug|x86.ActiveCfg = Debug|Any CPU
		{9F447F41-A9CB-4A9D-835B-0BA18F2341BD}.Release|Any CPU.ActiveCfg = Release|Any CPU
		{9F447F41-A9CB-4A9D-835B-0BA18F2341BD}.Release|Any CPU.Build.0 = Release|Any CPU
		{9F447F41-A9CB-4A9D-835B-0BA18F2341BD}.Release|Mixed Platforms.ActiveCfg = Release|Any CPU
		{9F447F41-A9CB-4A9D-835B-0BA18F2341BD}.Release|Mixed Platforms.Build.0 = Release|Any CPU
		{9F447F41-A9CB-4A9D-835B-0BA18F2341BD}.Release|x86.ActiveCfg = Release|Any CPU
		{7448057F-AE94-4493-B438-2083EFFB6EC2}.Debug|Any CPU.ActiveCfg = Debug|x86
		{7448057F-AE94-4493-B438-2083EFFB6EC2}.Debug|Any CPU.Build.0 = Debug|x86
		{7448057F-AE94-4493-B438-2083EFFB6EC2}.Debug|Mixed Platforms.ActiveCfg = Debug|x86
		{7448057F-AE94-4493-B438-2083EFFB6EC2}.Debug|Mixed Platforms.Build.0 = Debug|x86
		{7448057F-AE94-4493-B438-2083EFFB6EC2}.Debug|x86.ActiveCfg = Debug|x86
		{7448057F-AE94-4493-B438-2083EFFB6EC2}.Debug|x86.Build.0 = Debug|x86
		{7448057F-AE94-4493-B438-2083EFFB6EC2}.Release|Any CPU.ActiveCfg = Release|x86
		{7448057F-AE94-4493-B438-2083EFFB6EC2}.Release|Mixed Platforms.ActiveCfg = Release|x86
		{7448057F-AE94-4493-B438-2083EFFB6EC2}.Release|Mixed Platforms.Build.0 = Release|x86
		{7448057F-AE94-4493-B438-2083EFFB6EC2}.Release|x86.ActiveCfg = Release|x86
		{7448057F-AE94-4493-B438-2083EFFB6EC2}.Release|x86.Build.0 = Release|x86
		{5053A11A-65BD-4B3B-9130-38E42CC998BC}.Debug|Any CPU.ActiveCfg = Debug|Any CPU
		{5053A11A-65BD-4B3B-9130-38E42CC998BC}.Debug|Any CPU.Build.0 = Debug|Any CPU
		{5053A11A-65BD-4B3B-9130-38E42CC998BC}.Debug|Mixed Platforms.ActiveCfg = Debug|Any CPU
		{5053A11A-65BD-4B3B-9130-38E42CC998BC}.Debug|Mixed Platforms.Build.0 = Debug|Any CPU
		{5053A11A-65BD-4B3B-9130-38E42CC998BC}.Debug|x86.ActiveCfg = Debug|Any CPU
		{5053A11A-65BD-4B3B-9130-38E42CC998BC}.Release|Any CPU.ActiveCfg = Release|Any CPU
		{5053A11A-65BD-4B3B-9130-38E42CC998BC}.Release|Any CPU.Build.0 = Release|Any CPU
		{5053A11A-65BD-4B3B-9130-38E42CC998BC}.Release|Mixed Platforms.ActiveCfg = Release|Any CPU
		{5053A11A-65BD-4B3B-9130-38E42CC998BC}.Release|Mixed Platforms.Build.0 = Release|Any CPU
		{5053A11A-65BD-4B3B-9130-38E42CC998BC}.Release|x86.ActiveCfg = Release|Any CPU
		{995CD080-0A5E-47C7-8BFC-F1B65BDE0A32}.Debug|Any CPU.ActiveCfg = Debug|Any CPU
		{995CD080-0A5E-47C7-8BFC-F1B65BDE0A32}.Debug|Any CPU.Build.0 = Debug|Any CPU
		{995CD080-0A5E-47C7-8BFC-F1B65BDE0A32}.Debug|Mixed Platforms.ActiveCfg = Debug|Any CPU
		{995CD080-0A5E-47C7-8BFC-F1B65BDE0A32}.Debug|Mixed Platforms.Build.0 = Debug|Any CPU
		{995CD080-0A5E-47C7-8BFC-F1B65BDE0A32}.Debug|x86.ActiveCfg = Debug|Any CPU
		{995CD080-0A5E-47C7-8BFC-F1B65BDE0A32}.Release|Any CPU.ActiveCfg = Release|Any CPU
		{995CD080-0A5E-47C7-8BFC-F1B65BDE0A32}.Release|Any CPU.Build.0 = Release|Any CPU
		{995CD080-0A5E-47C7-8BFC-F1B65BDE0A32}.Release|Mixed Platforms.ActiveCfg = Release|Any CPU
		{995CD080-0A5E-47C7-8BFC-F1B65BDE0A32}.Release|Mixed Platforms.Build.0 = Release|Any CPU
		{995CD080-0A5E-47C7-8BFC-F1B65BDE0A32}.Release|x86.ActiveCfg = Release|Any CPU
		{FB98DC47-3002-4D22-A624-2EE2B181D59C}.Debug|Any CPU.ActiveCfg = Debug|Any CPU
		{FB98DC47-3002-4D22-A624-2EE2B181D59C}.Debug|Any CPU.Build.0 = Debug|Any CPU
		{FB98DC47-3002-4D22-A624-2EE2B181D59C}.Debug|Mixed Platforms.ActiveCfg = Debug|Any CPU
		{FB98DC47-3002-4D22-A624-2EE2B181D59C}.Debug|Mixed Platforms.Build.0 = Debug|Any CPU
		{FB98DC47-3002-4D22-A624-2EE2B181D59C}.Debug|x86.ActiveCfg = Debug|Any CPU
		{FB98DC47-3002-4D22-A624-2EE2B181D59C}.Release|Any CPU.ActiveCfg = Release|Any CPU
		{FB98DC47-3002-4D22-A624-2EE2B181D59C}.Release|Any CPU.Build.0 = Release|Any CPU
		{FB98DC47-3002-4D22-A624-2EE2B181D59C}.Release|Mixed Platforms.ActiveCfg = Release|Any CPU
		{FB98DC47-3002-4D22-A624-2EE2B181D59C}.Release|Mixed Platforms.Build.0 = Release|Any CPU
		{FB98DC47-3002-4D22-A624-2EE2B181D59C}.Release|x86.ActiveCfg = Release|Any CPU
		{D5507E12-1520-41CC-B549-DBDAA87B9A7F}.Debug|Any CPU.ActiveCfg = Debug|x86
		{D5507E12-1520-41CC-B549-DBDAA87B9A7F}.Debug|Mixed Platforms.ActiveCfg = Debug|x86
		{D5507E12-1520-41CC-B549-DBDAA87B9A7F}.Debug|Mixed Platforms.Build.0 = Debug|x86
		{D5507E12-1520-41CC-B549-DBDAA87B9A7F}.Debug|x86.ActiveCfg = Debug|x86
		{D5507E12-1520-41CC-B549-DBDAA87B9A7F}.Debug|x86.Build.0 = Debug|x86
		{D5507E12-1520-41CC-B549-DBDAA87B9A7F}.Release|Any CPU.ActiveCfg = Release|x86
		{D5507E12-1520-41CC-B549-DBDAA87B9A7F}.Release|Mixed Platforms.ActiveCfg = Release|x86
		{D5507E12-1520-41CC-B549-DBDAA87B9A7F}.Release|Mixed Platforms.Build.0 = Release|x86
		{D5507E12-1520-41CC-B549-DBDAA87B9A7F}.Release|x86.ActiveCfg = Release|x86
		{D5507E12-1520-41CC-B549-DBDAA87B9A7F}.Release|x86.Build.0 = Release|x86
		{7E688816-CF12-4459-8508-4773333A3821}.Debug|Any CPU.ActiveCfg = Debug|Any CPU
		{7E688816-CF12-4459-8508-4773333A3821}.Debug|Any CPU.Build.0 = Debug|Any CPU
		{7E688816-CF12-4459-8508-4773333A3821}.Debug|Mixed Platforms.ActiveCfg = Debug|Any CPU
		{7E688816-CF12-4459-8508-4773333A3821}.Debug|Mixed Platforms.Build.0 = Debug|Any CPU
		{7E688816-CF12-4459-8508-4773333A3821}.Debug|x86.ActiveCfg = Debug|Any CPU
		{7E688816-CF12-4459-8508-4773333A3821}.Release|Any CPU.ActiveCfg = Release|Any CPU
		{7E688816-CF12-4459-8508-4773333A3821}.Release|Any CPU.Build.0 = Release|Any CPU
		{7E688816-CF12-4459-8508-4773333A3821}.Release|Mixed Platforms.ActiveCfg = Release|Any CPU
		{7E688816-CF12-4459-8508-4773333A3821}.Release|Mixed Platforms.Build.0 = Release|Any CPU
		{7E688816-CF12-4459-8508-4773333A3821}.Release|x86.ActiveCfg = Release|Any CPU
		{65619E50-D5D4-4DBF-B96D-FDFD589EBF2E}.Debug|Any CPU.ActiveCfg = Debug|Any CPU
		{65619E50-D5D4-4DBF-B96D-FDFD589EBF2E}.Debug|Any CPU.Build.0 = Debug|Any CPU
		{65619E50-D5D4-4DBF-B96D-FDFD589EBF2E}.Debug|Mixed Platforms.ActiveCfg = Debug|Any CPU
		{65619E50-D5D4-4DBF-B96D-FDFD589EBF2E}.Debug|Mixed Platforms.Build.0 = Debug|Any CPU
		{65619E50-D5D4-4DBF-B96D-FDFD589EBF2E}.Debug|x86.ActiveCfg = Debug|Any CPU
		{65619E50-D5D4-4DBF-B96D-FDFD589EBF2E}.Release|Any CPU.ActiveCfg = Release|Any CPU
		{65619E50-D5D4-4DBF-B96D-FDFD589EBF2E}.Release|Any CPU.Build.0 = Release|Any CPU
		{65619E50-D5D4-4DBF-B96D-FDFD589EBF2E}.Release|Mixed Platforms.ActiveCfg = Release|Any CPU
		{65619E50-D5D4-4DBF-B96D-FDFD589EBF2E}.Release|Mixed Platforms.Build.0 = Release|Any CPU
		{65619E50-D5D4-4DBF-B96D-FDFD589EBF2E}.Release|x86.ActiveCfg = Release|Any CPU
	EndGlobalSection
	GlobalSection(SolutionProperties) = preSolution
		HideSolutionNode = FALSE
	EndGlobalSection
EndGlobal
